github.com/uuosio/chain v0.0.0-20210929064252-ace590a8ea60 h1:67Yfrovvx3b4L3F1ZvIGbN/XSo+IV7ZprteK3HK3yP8=
github.com/uuosio/chain v0.0.0-20210929064252-ace590a8ea60/go.mod h1:Ap98MHUzcpbLkm+fVldVl6UCUBJxZ+yPkat+apJtHMk=
github.com/uuosio/chain v0.1.8 h1:/BCUQFTDLmbe3ISC7g1FIyTd5uQJqBitX5Kn6aCCLuw=
github.com/uuosio/chain v0.1.8/go.mod h1:Ap98MHUzcpbLkm+fVldVl6UCUBJxZ+yPkat+apJtHMk=
