github.com/uuosio/chain v0.1.1-0.20211028040416-80fd51243fe4 h1:YiaNNaNoypsage7MHNHQ+DjANBoi4XtZ85Oa1ffbGn8=
github.com/uuosio/chain v0.1.1-0.20211028040416-80fd51243fe4/go.mod h1:Ap98MHUzcpbLkm+fVldVl6UCUBJxZ+yPkat+apJtHMk=
github.com/uuosio/chain v0.1.13 h1:NaB/NNoDSxGNhuEJ3pW/4Gk1ESGFQtIA/sOZib4XjT0=
github.com/uuosio/chain v0.1.13/go.mod h1:Ap98MHUzcpbLkm+fVldVl6UCUBJxZ+yPkat+apJtHMk=
